version: 6
environments:
  default:
    channels:
    - url: https://conda.anaconda.org/conda-forge/
    packages:
      osx-64:
      - conda: https://conda.anaconda.org/conda-forge/osx-64/brotli-1.1.0-h00291cd_2.conda
      - conda: https://conda.anaconda.org/conda-forge/osx-64/brotli-bin-1.1.0-h00291cd_2.conda
      - conda: https://conda.anaconda.org/conda-forge/osx-64/bzip2-1.0.8-hfdf4475_7.conda
      - conda: https://conda.anaconda.org/conda-forge/noarch/ca-certificates-2025.4.26-hbd8a1cb_0.conda
      - conda: https://conda.anaconda.org/conda-forge/osx-64/cairo-1.18.4-h950ec3b_0.conda
      - conda: https://conda.anaconda.org/conda-forge/osx-64/contourpy-1.3.2-py310hf166250_0.conda
      - conda: https://conda.anaconda.org/conda-forge/noarch/cycler-0.12.1-pyhd8ed1ab_1.conda
      - conda: https://conda.anaconda.org/conda-forge/osx-64/cyrus-sasl-2.1.27-hf9bab2b_7.conda
      - conda: https://conda.anaconda.org/conda-forge/osx-64/double-conversion-3.3.1-h240833e_0.conda
      - conda: https://conda.anaconda.org/conda-forge/noarch/font-ttf-dejavu-sans-mono-2.37-hab24e00_0.tar.bz2
      - conda: https://conda.anaconda.org/conda-forge/noarch/font-ttf-inconsolata-3.000-h77eed37_0.tar.bz2
      - conda: https://conda.anaconda.org/conda-forge/noarch/font-ttf-source-code-pro-2.038-h77eed37_0.tar.bz2
      - conda: https://conda.anaconda.org/conda-forge/noarch/font-ttf-ubuntu-0.83-h77eed37_3.conda
      - conda: https://conda.anaconda.org/conda-forge/osx-64/fontconfig-2.15.0-h37eeddb_1.conda
      - conda: https://conda.anaconda.org/conda-forge/noarch/fonts-conda-ecosystem-1-0.tar.bz2
      - conda: https://conda.anaconda.org/conda-forge/noarch/fonts-conda-forge-1-0.tar.bz2
      - conda: https://conda.anaconda.org/conda-forge/osx-64/fonttools-4.57.0-py310h8e2f543_0.conda
      - conda: https://conda.anaconda.org/conda-forge/osx-64/freetype-2.13.3-h694c41f_1.conda
      - conda: https://conda.anaconda.org/conda-forge/osx-64/graphite2-1.3.13-h73e2aa4_1003.conda
      - conda: https://conda.anaconda.org/conda-forge/osx-64/harfbuzz-11.1.0-hdfbcdba_0.conda
      - conda: https://conda.anaconda.org/conda-forge/osx-64/icu-75.1-h120a0e1_0.conda
      - conda: https://conda.anaconda.org/conda-forge/osx-64/kiwisolver-1.4.7-py310hfa8da69_0.conda
      - conda: https://conda.anaconda.org/conda-forge/osx-64/krb5-1.21.3-h37d8d59_0.conda
      - conda: https://conda.anaconda.org/conda-forge/osx-64/lcms2-2.17-h72f5680_0.conda
      - conda: https://conda.anaconda.org/conda-forge/osx-64/lerc-4.0.0-hcca01a6_1.conda
      - conda: https://conda.anaconda.org/conda-forge/osx-64/libblas-3.9.0-31_h7f60823_openblas.conda
      - conda: https://conda.anaconda.org/conda-forge/osx-64/libbrotlicommon-1.1.0-h00291cd_2.conda
      - conda: https://conda.anaconda.org/conda-forge/osx-64/libbrotlidec-1.1.0-h00291cd_2.conda
      - conda: https://conda.anaconda.org/conda-forge/osx-64/libbrotlienc-1.1.0-h00291cd_2.conda
      - conda: https://conda.anaconda.org/conda-forge/osx-64/libcblas-3.9.0-31_hff6cab4_openblas.conda
      - conda: https://conda.anaconda.org/conda-forge/osx-64/libclang-cpp18.1-18.1.8-default_h3571c67_9.conda
      - conda: https://conda.anaconda.org/conda-forge/osx-64/libclang13-20.1.4-default_h9644bed_0.conda
      - conda: https://conda.anaconda.org/conda-forge/osx-64/libcxx-20.1.4-hf95d169_1.conda
      - conda: https://conda.anaconda.org/conda-forge/osx-64/libdeflate-1.23-hcc1b750_0.conda
      - conda: https://conda.anaconda.org/conda-forge/osx-64/libedit-3.1.20250104-pl5321ha958ccf_0.conda
      - conda: https://conda.anaconda.org/conda-forge/osx-64/libexpat-2.7.0-h240833e_0.conda
      - conda: https://conda.anaconda.org/conda-forge/osx-64/libffi-3.4.6-h281671d_1.conda
      - conda: https://conda.anaconda.org/conda-forge/osx-64/libfreetype-2.13.3-h694c41f_1.conda
      - conda: https://conda.anaconda.org/conda-forge/osx-64/libfreetype6-2.13.3-h40dfd5c_1.conda
      - conda: https://conda.anaconda.org/conda-forge/osx-64/libgfortran-14.2.0-hef36b68_105.conda
      - conda: https://conda.anaconda.org/conda-forge/osx-64/libgfortran5-14.2.0-h58528f3_105.conda
      - conda: https://conda.anaconda.org/conda-forge/osx-64/libglib-2.84.0-h5c976ab_0.conda
      - conda: https://conda.anaconda.org/conda-forge/osx-64/libiconv-1.18-h4b5e92a_1.conda
      - conda: https://conda.anaconda.org/conda-forge/osx-64/libintl-0.24.1-h27064b9_0.conda
      - conda: https://conda.anaconda.org/conda-forge/osx-64/libjpeg-turbo-3.1.0-h6e16a3a_0.conda
      - conda: https://conda.anaconda.org/conda-forge/osx-64/liblapack-3.9.0-31_h236ab99_openblas.conda
      - conda: https://conda.anaconda.org/conda-forge/osx-64/libllvm18-18.1.8-hc29ff6c_3.conda
      - conda: https://conda.anaconda.org/conda-forge/osx-64/libllvm20-20.1.4-h29c3a6c_0.conda
      - conda: https://conda.anaconda.org/conda-forge/osx-64/liblzma-5.8.1-hd471939_1.conda
      - conda: https://conda.anaconda.org/conda-forge/osx-64/libntlm-1.8-h6e16a3a_0.conda
      - conda: https://conda.anaconda.org/conda-forge/osx-64/libopenblas-0.3.29-openmp_hbf64a52_0.conda
      - conda: https://conda.anaconda.org/conda-forge/osx-64/libpng-1.6.47-h3c4a55f_0.conda
      - conda: https://conda.anaconda.org/conda-forge/osx-64/libpq-17.4-h9c5cfc2_1.conda
      - conda: https://conda.anaconda.org/conda-forge/osx-64/libsqlite-3.49.2-hdb6dae5_0.conda
      - conda: https://conda.anaconda.org/conda-forge/osx-64/libtiff-4.7.0-hb77a491_4.conda
      - conda: https://conda.anaconda.org/conda-forge/osx-64/libwebp-base-1.5.0-h6cf52b4_0.conda
      - conda: https://conda.anaconda.org/conda-forge/osx-64/libxcb-1.17.0-hf1f96e2_0.conda
      - conda: https://conda.anaconda.org/conda-forge/osx-64/libxml2-2.13.8-h93c44a6_0.conda
      - conda: https://conda.anaconda.org/conda-forge/osx-64/libxslt-1.1.39-h03b04e6_0.conda
      - conda: https://conda.anaconda.org/conda-forge/osx-64/libzlib-1.3.1-hd23fc13_2.conda
      - conda: https://conda.anaconda.org/conda-forge/osx-64/llvm-openmp-20.1.4-ha54dae1_0.conda
      - conda: https://conda.anaconda.org/conda-forge/osx-64/matplotlib-3.10.1-py310h2ec42d9_0.conda
      - conda: https://conda.anaconda.org/conda-forge/osx-64/matplotlib-base-3.10.1-py310h1671ce3_0.conda
      - conda: https://conda.anaconda.org/conda-forge/noarch/munkres-1.1.4-pyh9f0ad1d_0.tar.bz2
      - conda: https://conda.anaconda.org/conda-forge/osx-64/ncurses-6.5-h0622a9a_3.conda
      - conda: https://conda.anaconda.org/conda-forge/osx-64/numpy-2.2.5-py310h07c5b4d_0.conda
      - conda: https://conda.anaconda.org/conda-forge/osx-64/openjpeg-2.5.3-h7fd6d84_0.conda
      - conda: https://conda.anaconda.org/conda-forge/osx-64/openldap-2.6.9-hd8a590d_0.conda
      - conda: https://conda.anaconda.org/conda-forge/osx-64/openssl-3.5.0-hc426f3f_1.conda
      - conda: https://conda.anaconda.org/conda-forge/noarch/packaging-25.0-pyh29332c3_1.conda
      - conda: https://conda.anaconda.org/conda-forge/osx-64/pcre2-10.44-hf733adb_2.conda
      - conda: https://conda.anaconda.org/conda-forge/osx-64/pillow-11.2.1-py310hbf7783a_0.conda
      - conda: https://conda.anaconda.org/conda-forge/osx-64/pixman-0.46.0-h1fd1274_0.conda
      - conda: https://conda.anaconda.org/conda-forge/osx-64/pthread-stubs-0.4-h00291cd_1002.conda
      - conda: https://conda.anaconda.org/conda-forge/noarch/pyparsing-3.2.3-pyhd8ed1ab_1.conda
      - conda: https://conda.anaconda.org/conda-forge/osx-64/pyside6-6.9.0-py310he5cdcd6_0.conda
      - conda: https://conda.anaconda.org/conda-forge/osx-64/python-3.10.17-h93e8a92_0_cpython.conda
      - conda: https://conda.anaconda.org/conda-forge/noarch/python-dateutil-2.9.0.post0-pyhff2d567_1.conda
      - conda: https://conda.anaconda.org/conda-forge/noarch/python_abi-3.10-7_cp310.conda
      - conda: https://conda.anaconda.org/conda-forge/osx-64/qhull-2020.2-h3c5361c_5.conda
      - conda: https://conda.anaconda.org/conda-forge/osx-64/qt6-main-6.9.0-hd95bd1a_2.conda
      - conda: https://conda.anaconda.org/conda-forge/osx-64/readline-8.2-h7cca4af_2.conda
      - conda: https://conda.anaconda.org/conda-forge/noarch/six-1.17.0-pyhd8ed1ab_0.conda
      - conda: https://conda.anaconda.org/conda-forge/osx-64/tk-8.6.13-h1abcd95_1.conda
      - conda: https://conda.anaconda.org/conda-forge/osx-64/tornado-6.4.2-py310hbb8c376_0.conda
      - conda: https://conda.anaconda.org/conda-forge/noarch/tzdata-2025b-h78e105d_0.conda
      - conda: https://conda.anaconda.org/conda-forge/osx-64/unicodedata2-16.0.0-py310hbb8c376_0.conda
      - conda: https://conda.anaconda.org/conda-forge/osx-64/xorg-libxau-1.0.12-h6e16a3a_0.conda
      - conda: https://conda.anaconda.org/conda-forge/osx-64/xorg-libxdmcp-1.1.5-h00291cd_0.conda
      - conda: https://conda.anaconda.org/conda-forge/osx-64/zstd-1.5.7-h8210216_2.conda
packages:
- conda: https://conda.anaconda.org/conda-forge/osx-64/brotli-1.1.0-h00291cd_2.conda
  sha256: 624954bc08b3d7885a58c7d547282cfb9a201ce79b748b358f801de53e20f523
  md5: 2db0c38a7f2321c5bdaf32b181e832c7
  depends:
  - __osx >=10.13
  - brotli-bin 1.1.0 h00291cd_2
  - libbrotlidec 1.1.0 h00291cd_2
  - libbrotlienc 1.1.0 h00291cd_2
  license: MIT
  license_family: MIT
  size: 19450
  timestamp: 1725267851605
- conda: https://conda.anaconda.org/conda-forge/osx-64/brotli-bin-1.1.0-h00291cd_2.conda
  sha256: 642a8492491109fd8270c1e2c33b18126712df0cedb94aaa2b1c6b02505a4bfa
  md5: 049933ecbf552479a12c7917f0a4ce59
  depends:
  - __osx >=10.13
  - libbrotlidec 1.1.0 h00291cd_2
  - libbrotlienc 1.1.0 h00291cd_2
  license: MIT
  license_family: MIT
  size: 16643
  timestamp: 1725267837325
- conda: https://conda.anaconda.org/conda-forge/osx-64/bzip2-1.0.8-hfdf4475_7.conda
  sha256: cad153608b81fb24fc8c509357daa9ae4e49dfc535b2cb49b91e23dbd68fc3c5
  md5: 7ed4301d437b59045be7e051a0308211
  depends:
  - __osx >=10.13
  license: bzip2-1.0.6
  license_family: BSD
  size: 134188
  timestamp: 1720974491916
- conda: https://conda.anaconda.org/conda-forge/noarch/ca-certificates-2025.4.26-hbd8a1cb_0.conda
  sha256: 2a70ed95ace8a3f8a29e6cd1476a943df294a7111dfb3e152e3478c4c889b7ac
  md5: 95db94f75ba080a22eb623590993167b
  depends:
  - __unix
  license: ISC
  size: 152283
  timestamp: 1745653616541
- conda: https://conda.anaconda.org/conda-forge/osx-64/cairo-1.18.4-h950ec3b_0.conda
  sha256: d4297c3a9bcff9add3c5a46c6e793b88567354828bcfdb6fc9f6b1ab34aa4913
  md5: 32403b4ef529a2018e4d8c4f2a719f16
  depends:
  - __osx >=10.13
  - fontconfig >=2.15.0,<3.0a0
  - fonts-conda-ecosystem
  - freetype >=2.12.1,<3.0a0
  - icu >=75.1,<76.0a0
  - libcxx >=18
  - libexpat >=2.6.4,<3.0a0
  - libglib >=2.82.2,<3.0a0
  - libpng >=1.6.47,<1.7.0a0
  - libzlib >=1.3.1,<2.0a0
  - pixman >=0.44.2,<1.0a0
  license: LGPL-2.1-only or MPL-1.1
  size: 893252
  timestamp: 1741554808521
- conda: https://conda.anaconda.org/conda-forge/osx-64/contourpy-1.3.2-py310hf166250_0.conda
  sha256: dd53a103826d4ee455bf1c1996724a6ab551f6532473fe84b3a78402741248ff
  md5: 7465ff776ecb1a44f3e293a938c05df5
  depends:
  - __osx >=10.13
  - libcxx >=18
  - numpy >=1.23
  - python >=3.10,<3.11.0a0
  - python_abi 3.10.* *_cp310
  license: BSD-3-Clause
  license_family: BSD
  size: 239967
  timestamp: 1744743388239
- conda: https://conda.anaconda.org/conda-forge/noarch/cycler-0.12.1-pyhd8ed1ab_1.conda
  sha256: 9827efa891e507a91a8a2acf64e210d2aff394e1cde432ad08e1f8c66b12293c
  md5: 44600c4667a319d67dbe0681fc0bc833
  depends:
  - python >=3.9
  license: BSD-3-Clause
  license_family: BSD
  size: 13399
  timestamp: 1733332563512
- conda: https://conda.anaconda.org/conda-forge/osx-64/cyrus-sasl-2.1.27-hf9bab2b_7.conda
  sha256: d4be27d58beb762f9392a35053404d5129e1ec41d24a9a7b465b4d84de2e5819
  md5: b3a8aa48d3d5e1bfb31ee3bde1f2c544
  depends:
  - krb5 >=1.21.1,<1.22.0a0
  - libcxx >=15.0.7
  - libntlm
  - openssl >=3.1.1,<4.0a0
  license: BSD-3-Clause-Attribution
  license_family: BSD
  size: 209174
  timestamp: 1690061476074
- conda: https://conda.anaconda.org/conda-forge/osx-64/double-conversion-3.3.1-h240833e_0.conda
  sha256: e402598ce9da5dde964671c96c5471851b723171dedc86e3a501cc43b7fcb2ab
  md5: 3cb499563390702fe854a743e376d711
  depends:
  - __osx >=10.13
  - libcxx >=18
  license: BSD-3-Clause
  license_family: BSD
  size: 66627
  timestamp: 1739569935278
- conda: https://conda.anaconda.org/conda-forge/noarch/font-ttf-dejavu-sans-mono-2.37-hab24e00_0.tar.bz2
  sha256: 58d7f40d2940dd0a8aa28651239adbf5613254df0f75789919c4e6762054403b
  md5: 0c96522c6bdaed4b1566d11387caaf45
  license: BSD-3-Clause
  license_family: BSD
  size: 397370
  timestamp: 1566932522327
- conda: https://conda.anaconda.org/conda-forge/noarch/font-ttf-inconsolata-3.000-h77eed37_0.tar.bz2
  sha256: c52a29fdac682c20d252facc50f01e7c2e7ceac52aa9817aaf0bb83f7559ec5c
  md5: 34893075a5c9e55cdafac56607368fc6
  license: OFL-1.1
  license_family: Other
  size: 96530
  timestamp: 1620479909603
- conda: https://conda.anaconda.org/conda-forge/noarch/font-ttf-source-code-pro-2.038-h77eed37_0.tar.bz2
  sha256: 00925c8c055a2275614b4d983e1df637245e19058d79fc7dd1a93b8d9fb4b139
  md5: 4d59c254e01d9cde7957100457e2d5fb
  license: OFL-1.1
  license_family: Other
  size: 700814
  timestamp: 1620479612257
- conda: https://conda.anaconda.org/conda-forge/noarch/font-ttf-ubuntu-0.83-h77eed37_3.conda
  sha256: 2821ec1dc454bd8b9a31d0ed22a7ce22422c0aef163c59f49dfdf915d0f0ca14
  md5: 49023d73832ef61042f6a237cb2687e7
  license: LicenseRef-Ubuntu-Font-Licence-Version-1.0
  license_family: Other
  size: 1620504
  timestamp: 1727511233259
- conda: https://conda.anaconda.org/conda-forge/osx-64/fontconfig-2.15.0-h37eeddb_1.conda
  sha256: 61a9aa1d2dd115ffc1ab372966dc8b1ac7b69870e6b1744641da276b31ea5c0b
  md5: 84ccec5ee37eb03dd352db0a3f89ada3
  depends:
  - __osx >=10.13
  - freetype >=2.12.1,<3.0a0
  - libexpat >=2.6.3,<3.0a0
  - libzlib >=1.3.1,<2.0a0
  license: MIT
  license_family: MIT
  size: 232313
  timestamp: 1730283983397
- conda: https://conda.anaconda.org/conda-forge/noarch/fonts-conda-ecosystem-1-0.tar.bz2
  sha256: a997f2f1921bb9c9d76e6fa2f6b408b7fa549edd349a77639c9fe7a23ea93e61
  md5: fee5683a3f04bd15cbd8318b096a27ab
  depends:
  - fonts-conda-forge
  license: BSD-3-Clause
  license_family: BSD
  size: 3667
  timestamp: 1566974674465
- conda: https://conda.anaconda.org/conda-forge/noarch/fonts-conda-forge-1-0.tar.bz2
  sha256: 53f23a3319466053818540bcdf2091f253cbdbab1e0e9ae7b9e509dcaa2a5e38
  md5: f766549260d6815b0c52253f1fb1bb29
  depends:
  - font-ttf-dejavu-sans-mono
  - font-ttf-inconsolata
  - font-ttf-source-code-pro
  - font-ttf-ubuntu
  license: BSD-3-Clause
  license_family: BSD
  size: 4102
  timestamp: 1566932280397
- conda: https://conda.anaconda.org/conda-forge/osx-64/fonttools-4.57.0-py310h8e2f543_0.conda
  sha256: cc73b1660483cd5b53fa587885d84fdb1945ec528912feb84ec2a21cf2e0b4da
  md5: 6ae0fc12a83ca9795d36e190e7bb9dbb
  depends:
  - __osx >=10.13
  - brotli
  - munkres
  - python >=3.10,<3.11.0a0
  - python_abi 3.10.* *_cp310
  - unicodedata2 >=15.1.0
  license: MIT
  license_family: MIT
  size: 2297171
  timestamp: 1743732452832
- conda: https://conda.anaconda.org/conda-forge/osx-64/freetype-2.13.3-h694c41f_1.conda
  sha256: e2870e983889eec73fdc0d4ab27d3f6501de4750ffe32d7d0a3a287f00bc2f15
  md5: 126dba1baf5030cb6f34533718924577
  depends:
  - libfreetype 2.13.3 h694c41f_1
  - libfreetype6 2.13.3 h40dfd5c_1
  license: GPL-2.0-only OR FTL
  size: 172649
  timestamp: 1745370231293
- conda: https://conda.anaconda.org/conda-forge/osx-64/graphite2-1.3.13-h73e2aa4_1003.conda
  sha256: b71db966e47cd83b16bfcc2099b8fa87c07286f24a0742078fede4c84314f91a
  md5: fc7124f86e1d359fc5d878accd9e814c
  depends:
  - libcxx >=16
  license: LGPL-2.0-or-later
  license_family: LGPL
  size: 84384
  timestamp: 1711634311095
- conda: https://conda.anaconda.org/conda-forge/osx-64/harfbuzz-11.1.0-hdfbcdba_0.conda
  sha256: f9da5eb2a4bb7ddc8fa24e2cc76a219b7bb48f3a2e0ba808275adc234d0538cb
  md5: 240771b26ad3d5041508c0601f241703
  depends:
  - __osx >=10.13
  - cairo >=1.18.4,<2.0a0
  - freetype >=2.13.3,<3.0a0
  - graphite2
  - icu >=75.1,<76.0a0
  - libcxx >=18
  - libexpat >=2.7.0,<3.0a0
  - libglib >=2.84.0,<3.0a0
  - libzlib >=1.3.1,<2.0a0
  license: MIT
  license_family: MIT
  size: 1480598
  timestamp: 1744894285835
- conda: https://conda.anaconda.org/conda-forge/osx-64/icu-75.1-h120a0e1_0.conda
  sha256: 2e64307532f482a0929412976c8450c719d558ba20c0962832132fd0d07ba7a7
  md5: d68d48a3060eb5abdc1cdc8e2a3a5966
  depends:
  - __osx >=10.13
  license: MIT
  license_family: MIT
  size: 11761697
  timestamp: 1720853679409
- conda: https://conda.anaconda.org/conda-forge/osx-64/kiwisolver-1.4.7-py310hfa8da69_0.conda
  sha256: 8334c1a16eb0e5d72d7b107ad6cba207458c29886e9e71f792294e04e9ad2aa2
  md5: 03c93071c391a9eaec98d613e03ab800
  depends:
  - __osx >=10.13
  - libcxx >=17
  - python >=3.10,<3.11.0a0
  - python_abi 3.10.* *_cp310
  license: BSD-3-Clause
  license_family: BSD
  size: 60075
  timestamp: 1725459409910
- conda: https://conda.anaconda.org/conda-forge/osx-64/krb5-1.21.3-h37d8d59_0.conda
  sha256: 83b52685a4ce542772f0892a0f05764ac69d57187975579a0835ff255ae3ef9c
  md5: d4765c524b1d91567886bde656fb514b
  depends:
  - __osx >=10.13
  - libcxx >=16
  - libedit >=3.1.20191231,<3.2.0a0
  - libedit >=3.1.20191231,<4.0a0
  - openssl >=3.3.1,<4.0a0
  license: MIT
  license_family: MIT
  size: 1185323
  timestamp: 1719463492984
- conda: https://conda.anaconda.org/conda-forge/osx-64/lcms2-2.17-h72f5680_0.conda
  sha256: bcb81543e49ff23e18dea79ef322ab44b8189fb11141b1af99d058503233a5fc
  md5: bf210d0c63f2afb9e414a858b79f0eaa
  depends:
  - __osx >=10.13
  - libjpeg-turbo >=3.0.0,<4.0a0
  - libtiff >=4.7.0,<4.8.0a0
  license: MIT
  license_family: MIT
  size: 226001
  timestamp: 1739161050843
- conda: https://conda.anaconda.org/conda-forge/osx-64/lerc-4.0.0-hcca01a6_1.conda
  sha256: cc1f1d7c30aa29da4474ec84026ec1032a8df1d7ec93f4af3b98bb793d01184e
  md5: 21f765ced1a0ef4070df53cb425e1967
  depends:
  - __osx >=10.13
  - libcxx >=18
  license: Apache-2.0
  license_family: Apache
  size: 248882
  timestamp: 1745264331196
- conda: https://conda.anaconda.org/conda-forge/osx-64/libblas-3.9.0-31_h7f60823_openblas.conda
  build_number: 31
  sha256: 2192f9cfa72a1a6127eb1c57a9662eb1b44c6506f2b7517cf021f1262d2bf56d
  md5: a8c1c9f95d1c46d67028a6146c1ea77c
  depends:
  - libopenblas >=0.3.29,<0.3.30.0a0
  - libopenblas >=0.3.29,<1.0a0
  constrains:
  - libcblas =3.9.0=31*_openblas
  - liblapacke =3.9.0=31*_openblas
  - blas =2.131=openblas
  - mkl <2025
  - liblapack =3.9.0=31*_openblas
  license: BSD-3-Clause
  license_family: BSD
  size: 17105
  timestamp: 1740087945188
- conda: https://conda.anaconda.org/conda-forge/osx-64/libbrotlicommon-1.1.0-h00291cd_2.conda
  sha256: b377056470a9fb4a100aa3c51b3581aab6496ba84d21cd99bcc1d5ef0359b1b6
  md5: 58f2c4bdd56c46cc7451596e4ae68e0b
  depends:
  - __osx >=10.13
  license: MIT
  license_family: MIT
  size: 67267
  timestamp: 1725267768667
- conda: https://conda.anaconda.org/conda-forge/osx-64/libbrotlidec-1.1.0-h00291cd_2.conda
  sha256: 4d49ea72e2f44d2d7a8be5472e4bd0bc2c6b89c55569de2c43576363a0685c0c
  md5: 34709a1f5df44e054c4a12ab536c5459
  depends:
  - __osx >=10.13
  - libbrotlicommon 1.1.0 h00291cd_2
  license: MIT
  license_family: MIT
  size: 29872
  timestamp: 1725267807289
- conda: https://conda.anaconda.org/conda-forge/osx-64/libbrotlienc-1.1.0-h00291cd_2.conda
  sha256: 477d236d389473413a1ccd2bec1b66b2f1d2d7d1b4a57bb56421b7b611a56cd1
  md5: 691f0dcb36f1ae67f5c489f20ae987ea
  depends:
  - __osx >=10.13
  - libbrotlicommon 1.1.0 h00291cd_2
  license: MIT
  license_family: MIT
  size: 296353
  timestamp: 1725267822076
- conda: https://conda.anaconda.org/conda-forge/osx-64/libcblas-3.9.0-31_hff6cab4_openblas.conda
  build_number: 31
  sha256: a64b24e195f7790722e1557ff5ed9ecceaaf85559b182d0d03fa61c1fd60326c
  md5: c655cc2b0c48ec454f7a4db92415d012
  depends:
  - libblas 3.9.0 31_h7f60823_openblas
  constrains:
  - liblapacke =3.9.0=31*_openblas
  - blas =2.131=openblas
  - liblapack =3.9.0=31*_openblas
  license: BSD-3-Clause
  license_family: BSD
  size: 17006
  timestamp: 1740087955460
- conda: https://conda.anaconda.org/conda-forge/osx-64/libclang-cpp18.1-18.1.8-default_h3571c67_9.conda
  sha256: a3453cf08393f4a369a70795036d60dd8ea0de1efbf683594cbcaba49d8e3e74
  md5: ef1a444913775b76f3391431967090a9
  depends:
  - __osx >=10.13
  - libcxx >=18.1.8
  - libllvm18 >=18.1.8,<18.2.0a0
  license: Apache-2.0 WITH LLVM-exception
  license_family: Apache
  size: 13908110
  timestamp: 1744061729284
- conda: https://conda.anaconda.org/conda-forge/osx-64/libclang13-20.1.4-default_h9644bed_0.conda
  sha256: 7f9b973e3a7e95ba824b61d546ce5b02e479d6c06284b866756dd99d99cbbe75
  md5: 39990d1cf1af697542ac19c62c0a6728
  depends:
  - __osx >=10.13
  - libcxx >=20.1.4
  - libllvm20 >=20.1.4,<20.2.0a0
  license: Apache-2.0 WITH LLVM-exception
  license_family: Apache
  size: 8662886
  timestamp: 1746073766116
- conda: https://conda.anaconda.org/conda-forge/osx-64/libcxx-20.1.4-hf95d169_1.conda
  sha256: 63676ac19e9819ae01506cfd353b2d202188981c753ea34634c4afbf3c1c6a2c
  md5: 2d8e0efc0788d49051e7e02ad6571340
  depends:
  - __osx >=10.13
  license: Apache-2.0 WITH LLVM-exception
  license_family: Apache
  size: 561294
  timestamp: 1746653898484
- conda: https://conda.anaconda.org/conda-forge/osx-64/libdeflate-1.23-hcc1b750_0.conda
  sha256: 9105bb8656649f9676008f95b0f058d2b8ef598e058190dcae1678d6ebc1f9b3
  md5: 5d3507f22dda24f7d9a79325ad313e44
  depends:
  - __osx >=10.13
  license: MIT
  license_family: MIT
  size: 69911
  timestamp: 1745260530684
- conda: https://conda.anaconda.org/conda-forge/osx-64/libedit-3.1.20250104-pl5321ha958ccf_0.conda
  sha256: 6cc49785940a99e6a6b8c6edbb15f44c2dd6c789d9c283e5ee7bdfedd50b4cd6
  md5: 1f4ed31220402fcddc083b4bff406868
  depends:
  - ncurses
  - __osx >=10.13
  - ncurses >=6.5,<7.0a0
  license: BSD-2-Clause
  license_family: BSD
  size: 115563
  timestamp: 1738479554273
- conda: https://conda.anaconda.org/conda-forge/osx-64/libexpat-2.7.0-h240833e_0.conda
  sha256: 976f2e23ad2bb2b8e92c99bfa2ead3ad557b17a129b170f7e2dfcf233193dd7e
  md5: 026d0a1056ba2a3dbbea6d4b08188676
  depends:
  - __osx >=10.13
  constrains:
  - expat 2.7.0.*
  license: MIT
  license_family: MIT
  size: 71894
  timestamp: 1743431912423
- conda: https://conda.anaconda.org/conda-forge/osx-64/libffi-3.4.6-h281671d_1.conda
  sha256: 6394b1bc67c64a21a5cc73d1736d1d4193a64515152e861785c44d2cfc49edf3
  md5: 4ca9ea59839a9ca8df84170fab4ceb41
  depends:
  - __osx >=10.13
  license: MIT
  license_family: MIT
  size: 51216
  timestamp: 1743434595269
- conda: https://conda.anaconda.org/conda-forge/osx-64/libfreetype-2.13.3-h694c41f_1.conda
  sha256: afe0e2396844c8cfdd6256ac84cabc9af823b1727f704c137b030b85839537a6
  md5: 07c8d3fbbe907f32014b121834b36dd5
  depends:
  - libfreetype6 >=2.13.3
  license: GPL-2.0-only OR FTL
  size: 7805
  timestamp: 1745370212559
- conda: https://conda.anaconda.org/conda-forge/osx-64/libfreetype6-2.13.3-h40dfd5c_1.conda
  sha256: 058165962aa64fc5a6955593212c0e1ea42ca6d6dba60ee61dff612d4c3818d7
  md5: c76e6f421a0e95c282142f820835e186
  depends:
  - __osx >=10.13
  - libpng >=1.6.47,<1.7.0a0
  - libzlib >=1.3.1,<2.0a0
  constrains:
  - freetype >=2.13.3
  license: GPL-2.0-only OR FTL
  size: 357654
  timestamp: 1745370210187
- conda: https://conda.anaconda.org/conda-forge/osx-64/libgfortran-14.2.0-hef36b68_105.conda
  sha256: 984040aa98dedcfbe1cf59befd73740e30d368b96cbfa17c002297e67fa5af23
  md5: 6b27baf030f5d6603713c7e72d3f6b9a
  depends:
  - libgfortran5 14.2.0 h58528f3_105
  license: GPL-3.0-only WITH GCC-exception-3.1
  license_family: GPL
  size: 155635
  timestamp: 1743911593527
- conda: https://conda.anaconda.org/conda-forge/osx-64/libgfortran5-14.2.0-h58528f3_105.conda
  sha256: 02fc48106e1ca65cf7de15f58ec567f866f6e8e9dcced157d0cff89f0768bb59
  md5: 94560312ff3c78225bed62ab59854c31
  depends:
  - llvm-openmp >=8.0.0
  constrains:
  - libgfortran 14.2.0
  license: GPL-3.0-only WITH GCC-exception-3.1
  license_family: GPL
  size: 1224385
  timestamp: 1743911552203
- conda: https://conda.anaconda.org/conda-forge/osx-64/libglib-2.84.0-h5c976ab_0.conda
  sha256: 6345cb63429ca1d216e47502a04dcce8b9f8a4fe08547cef42bbc040dc453b9e
  md5: 9d9e772b8e01ce350ddff9b277503514
  depends:
  - __osx >=10.13
  - libffi >=3.4,<4.0a0
  - libiconv >=1.18,<2.0a0
  - libintl >=0.23.1,<1.0a0
  - libzlib >=1.3.1,<2.0a0
  - pcre2 >=10.44,<10.45.0a0
  constrains:
  - glib 2.84.0 *_0
  license: LGPL-2.1-or-later
  size: 3729801
  timestamp: 1743038946054
- conda: https://conda.anaconda.org/conda-forge/osx-64/libiconv-1.18-h4b5e92a_1.conda
  sha256: c2a9c65a245c7bcb8c17c94dd716dad2d42b7c98e0c17cc5553a5c60242c4dda
  md5: 6283140d7b2b55b6b095af939b71b13f
  depends:
  - __osx >=10.13
  license: LGPL-2.1-only
  size: 669052
  timestamp: 1740128415026
- conda: https://conda.anaconda.org/conda-forge/osx-64/libintl-0.24.1-h27064b9_0.conda
  sha256: f0a759b35784d5a31aeaf519f8f24019415321e62e52579a3ec854a413a1509d
  md5: b3f498d87404090f731cb6a474045150
  depends:
  - __osx >=10.13
  - libiconv >=1.18,<2.0a0
  license: LGPL-2.1-or-later
  size: 97229
  timestamp: 1746229336518
- conda: https://conda.anaconda.org/conda-forge/osx-64/libjpeg-turbo-3.1.0-h6e16a3a_0.conda
  sha256: 9c0009389c1439ec96a08e3bf7731ac6f0eab794e0a133096556a9ae10be9c27
  md5: 87537967e6de2f885a9fcebd42b7cb10
  depends:
  - __osx >=10.13
  constrains:
  - jpeg <0.0.0a
  license: IJG AND BSD-3-Clause AND Zlib
  size: 586456
  timestamp: 1745268522731
- conda: https://conda.anaconda.org/conda-forge/osx-64/liblapack-3.9.0-31_h236ab99_openblas.conda
  build_number: 31
  sha256: 2d5642b07b56037ab735e5d64309dd905d5acb207a1b2ab1692f811b55a64825
  md5: d0f3bc17e0acef003cb9d9195a205888
  depends:
  - libblas 3.9.0 31_h7f60823_openblas
  constrains:
  - libcblas =3.9.0=31*_openblas
  - blas =2.131=openblas
  - liblapacke =3.9.0=31*_openblas
  license: BSD-3-Clause
  license_family: BSD
  size: 17033
  timestamp: 1740087965941
- conda: https://conda.anaconda.org/conda-forge/osx-64/libllvm18-18.1.8-hc29ff6c_3.conda
  sha256: c488d96dcd0b2db0438b9ec7ea92627c1c36aa21491ebcd5cc87a9c58aa0a612
  md5: a04c2fc058fd6b0630c1a2faad322676
  depends:
  - __osx >=10.13
  - libcxx >=18
  - libxml2 >=2.13.5,<2.14.0a0
  - libzlib >=1.3.1,<2.0a0
  - zstd >=1.5.6,<1.6.0a0
  license: Apache-2.0 WITH LLVM-exception
  license_family: Apache
  size: 27771340
  timestamp: 1737837075440
- conda: https://conda.anaconda.org/conda-forge/osx-64/libllvm20-20.1.4-h29c3a6c_0.conda
  sha256: a4eed2f705efee1d8ae3bedaa459fdd24607026de0d8c0ef381d4aaa0379281e
  md5: 23566673d16f39ca62de06ad56ce274d
  depends:
  - __osx >=10.13
  - libcxx >=18
  - libxml2 >=2.13.7,<2.14.0a0
  - libzlib >=1.3.1,<2.0a0
  - zstd >=1.5.7,<1.6.0a0
  license: Apache-2.0 WITH LLVM-exception
  license_family: Apache
  size: 30786343
  timestamp: 1746010271379
- conda: https://conda.anaconda.org/conda-forge/osx-64/liblzma-5.8.1-hd471939_1.conda
  sha256: 20a4c5291f3e338548013623bb1dc8ee2fba5dbac8f77acaddd730ed2a7d29b6
  md5: f87e8821e0e38a4140a7ed4f52530053
  depends:
  - __osx >=10.13
  constrains:
  - xz 5.8.1.*
  - xz ==5.8.1=*_1
  license: 0BSD
  size: 104814
  timestamp: 1746531577001
- conda: https://conda.anaconda.org/conda-forge/osx-64/libntlm-1.8-h6e16a3a_0.conda
  sha256: 2ab918f7cc00852d70088e0b9e49fda4ef95229126cf3c52a8297686938385f2
  md5: 23d706dbe90b54059ad86ff826677f39
  depends:
  - __osx >=10.13
  license: LGPL-2.1-or-later
  size: 33742
  timestamp: 1734670081910
- conda: https://conda.anaconda.org/conda-forge/osx-64/libopenblas-0.3.29-openmp_hbf64a52_0.conda
  sha256: fbb413923f91cb80a4d23725816499b921dd87454121efcde107abc7772c937a
  md5: a30dc52b2a8b6300f17eaabd2f940d41
  depends:
  - __osx >=10.13
  - libgfortran >=5
  - libgfortran5 >=13.2.0
  - llvm-openmp >=18.1.8
  constrains:
  - openblas >=0.3.29,<0.3.30.0a0
  license: BSD-3-Clause
  license_family: BSD
  size: 6170847
  timestamp: 1739826107594
- conda: https://conda.anaconda.org/conda-forge/osx-64/libpng-1.6.47-h3c4a55f_0.conda
  sha256: d00a144698debb226a01646c72eff15917eb0143f92c92e1b61ce457d9367b89
  md5: 8461ab86d2cdb76d6e971aab225be73f
  depends:
  - __osx >=10.13
  - libzlib >=1.3.1,<2.0a0
  license: zlib-acknowledgement
  size: 266874
  timestamp: 1739953034029
- conda: https://conda.anaconda.org/conda-forge/osx-64/libpq-17.4-h9c5cfc2_1.conda
  sha256: 3b9f9291c30765bc26cafcfa6cdd93efb3ee91f671fd94cbf44c9a81cf10b4e7
  md5: 01573599dbdb0a0ac9cf5d50355dc085
  depends:
  - __osx >=10.13
  - icu >=75.1,<76.0a0
  - krb5 >=1.21.3,<1.22.0a0
  - openldap >=2.6.9,<2.7.0a0
  - openssl >=3.4.1,<4.0a0
  license: PostgreSQL
  size: 2466372
  timestamp: 1743504787138
- conda: https://conda.anaconda.org/conda-forge/osx-64/libsqlite-3.49.2-hdb6dae5_0.conda
  sha256: 8fd9562478b4d1dc90ab2bcad5289ee2b5a971ca8ad87e6b137ce0ca53bf801d
  md5: 9377ba1ade655ea3fc831b456f4a2351
  depends:
  - __osx >=10.13
  - libzlib >=1.3.1,<2.0a0
  license: Unlicense
  size: 977388
  timestamp: 1746637093883
- conda: https://conda.anaconda.org/conda-forge/osx-64/libtiff-4.7.0-hb77a491_4.conda
  sha256: 2bf372fb7da33a25b3c555e2f40ffab5f6b1f2a01a0c14a0a3b2f4eaa372564d
  md5: b36d793dd65b28e3aeaa3a77abe71678
  depends:
  - __osx >=10.13
  - lerc >=4.0.0,<5.0a0
  - libcxx >=18
  - libdeflate >=1.23,<1.24.0a0
  - libjpeg-turbo >=3.1.0,<4.0a0
  - liblzma >=5.8.1,<6.0a0
  - libwebp-base >=1.5.0,<2.0a0
  - libzlib >=1.3.1,<2.0a0
  - zstd >=1.5.7,<1.6.0a0
  license: HPND
  size: 400931
  timestamp: 1745372828096
- conda: https://conda.anaconda.org/conda-forge/osx-64/libwebp-base-1.5.0-h6cf52b4_0.conda
  sha256: 7f110eba04150f1fe5fe297f08fb5b82463eed74d1f068bc67c96637f9c63569
  md5: 5e0cefc99a231ac46ba21e27ae44689f
  depends:
  - __osx >=10.13
  constrains:
  - libwebp 1.5.0
  license: BSD-3-Clause
  license_family: BSD
  size: 357662
  timestamp: 1734777539822
- conda: https://conda.anaconda.org/conda-forge/osx-64/libxcb-1.17.0-hf1f96e2_0.conda
  sha256: 8896cd5deff6f57d102734f3e672bc17120613647288f9122bec69098e839af7
  md5: bbeca862892e2898bdb45792a61c4afc
  depends:
  - __osx >=10.13
  - pthread-stubs
  - xorg-libxau >=1.0.11,<2.0a0
  - xorg-libxdmcp
  license: MIT
  license_family: MIT
  size: 323770
  timestamp: 1727278927545
- conda: https://conda.anaconda.org/conda-forge/osx-64/libxml2-2.13.8-h93c44a6_0.conda
  sha256: 4b29663164d7beb9a9066ddcb8578fc67fe0e9b40f7553ea6255cd6619d24205
  md5: e42a93a31cbc6826620144343d42f472
  depends:
  - __osx >=10.13
  - icu >=75.1,<76.0a0
  - libiconv >=1.18,<2.0a0
  - liblzma >=5.8.1,<6.0a0
  - libzlib >=1.3.1,<2.0a0
  license: MIT
  license_family: MIT
  size: 609197
  timestamp: 1746634704204
- conda: https://conda.anaconda.org/conda-forge/osx-64/libxslt-1.1.39-h03b04e6_0.conda
  sha256: decfc5614a10231a17543b7366616fb2d88c14be6dd9dd5ecde63aa9a5acfb9e
  md5: a6e0cec6b3517ffc6b5d36a920fc9312
  depends:
  - libxml2 >=2.12.1,<2.14.0a0
  license: MIT
  license_family: MIT
  size: 231368
  timestamp: 1701628933115
- conda: https://conda.anaconda.org/conda-forge/osx-64/libzlib-1.3.1-hd23fc13_2.conda
  sha256: 8412f96504fc5993a63edf1e211d042a1fd5b1d51dedec755d2058948fcced09
  md5: 003a54a4e32b02f7355b50a837e699da
  depends:
  - __osx >=10.13
  constrains:
  - zlib 1.3.1 *_2
  license: Zlib
  license_family: Other
  size: 57133
  timestamp: 1727963183990
- conda: https://conda.anaconda.org/conda-forge/osx-64/llvm-openmp-20.1.4-ha54dae1_0.conda
  sha256: 5830f3a9109e52cb8476685e9ccd4ff207517c95ff453c47e6ed35221715b879
  md5: 985619d7704847d30346abb6feeb8351
  depends:
  - __osx >=10.13
  constrains:
  - openmp 20.1.4|20.1.4.*
  license: Apache-2.0 WITH LLVM-exception
  license_family: APACHE
  size: 306636
  timestamp: 1746134503342
- conda: https://conda.anaconda.org/conda-forge/osx-64/matplotlib-3.10.1-py310h2ec42d9_0.conda
  sha256: a2afb4fd842b8bfe7f97dabc210c18f50ec41098fa9b17b0c5249a87e7adaafc
  md5: cf737d1b0fc737d97988ea9e04cb3423
  depends:
  - matplotlib-base >=3.10.1,<3.10.2.0a0
  - python >=3.10,<3.11.0a0
  - python_abi 3.10.* *_cp310
  - tornado >=5
  license: PSF-2.0
  license_family: PSF
  size: 16841
  timestamp: 1740781190714
- conda: https://conda.anaconda.org/conda-forge/osx-64/matplotlib-base-3.10.1-py310h1671ce3_0.conda
  sha256: cb5e37cd8e10678db3df0701ec6f292420402fcdcf106cb0643e26cb5ad5f8d7
  md5: a57cdf213d083b39b560bfb302f373b7
  depends:
  - __osx >=10.13
  - contourpy >=1.0.1
  - cycler >=0.10
  - fonttools >=4.22.0
  - freetype >=2.12.1,<3.0a0
  - kiwisolver >=1.3.1
  - libcxx >=18
  - numpy >=1.19,<3
  - numpy >=1.23
  - packaging >=20.0
  - pillow >=8
  - pyparsing >=2.3.1
  - python >=3.10,<3.11.0a0
  - python-dateutil >=2.7
  - python_abi 3.10.* *_cp310
  - qhull >=2020.2,<2020.3.0a0
  license: PSF-2.0
  license_family: PSF
  size: 7245522
  timestamp: 1740781161804
- conda: https://conda.anaconda.org/conda-forge/noarch/munkres-1.1.4-pyh9f0ad1d_0.tar.bz2
  sha256: f86fb22b58e93d04b6f25e0d811b56797689d598788b59dcb47f59045b568306
  md5: 2ba8498c1018c1e9c61eb99b973dfe19
  depends:
  - python
  license: Apache-2.0
  license_family: Apache
  size: 12452
  timestamp: 1600387789153
- conda: https://conda.anaconda.org/conda-forge/osx-64/ncurses-6.5-h0622a9a_3.conda
  sha256: ea4a5d27ded18443749aefa49dc79f6356da8506d508b5296f60b8d51e0c4bd9
  md5: ced34dd9929f491ca6dab6a2927aff25
  depends:
  - __osx >=10.13
  license: X11 AND BSD-3-Clause
  size: 822259
  timestamp: 1738196181298
- conda: https://conda.anaconda.org/conda-forge/osx-64/numpy-2.2.5-py310h07c5b4d_0.conda
  sha256: 1f1ea7ea9350525afdbe6ce0da2cf5e8c2ee09dd140f251c1418b6ca91be2c25
  md5: 45a16d37bdc5c6474b9ed0b20499ff09
  depends:
  - __osx >=10.13
  - libblas >=3.9.0,<4.0a0
  - libcblas >=3.9.0,<4.0a0
  - libcxx >=18
  - liblapack >=3.9.0,<4.0a0
  - python >=3.10,<3.11.0a0
  - python_abi 3.10.* *_cp310
  constrains:
  - numpy-base <0a0
  license: BSD-3-Clause
  license_family: BSD
  size: 7009121
  timestamp: 1745119358417
- conda: https://conda.anaconda.org/conda-forge/osx-64/openjpeg-2.5.3-h7fd6d84_0.conda
  sha256: faea03f36c9aa3524c911213b116da41695ff64b952d880551edee2843fe115b
  md5: 025c711177fc3309228ca1a32374458d
  depends:
  - __osx >=10.13
  - libcxx >=18
  - libpng >=1.6.44,<1.7.0a0
  - libtiff >=4.7.0,<4.8.0a0
  - libzlib >=1.3.1,<2.0a0
  license: BSD-2-Clause
  license_family: BSD
  size: 332320
  timestamp: 1733816828284
- conda: https://conda.anaconda.org/conda-forge/osx-64/openldap-2.6.9-hd8a590d_0.conda
  sha256: b0c541939d905a1a23c41f0f22ad34401da50470e779a6e618c37fdba6c057aa
  md5: 10dff9d8c67ae8b807b9fe8cfe9ca1d0
  depends:
  - __osx >=10.13
  - cyrus-sasl >=2.1.27,<3.0a0
  - krb5 >=1.21.3,<1.22.0a0
  - libcxx >=18
  - openssl >=3.4.0,<4.0a0
  license: OLDAP-2.8
  license_family: BSD
  size: 777835
  timestamp: 1732674429367
- conda: https://conda.anaconda.org/conda-forge/osx-64/openssl-3.5.0-hc426f3f_1.conda
  sha256: bcac94cb82a458b4e3164da8d9bced08cc8c3da2bc3bd7330711a3689c1464a5
  md5: 919faa07b9647beb99a0e7404596a465
  depends:
  - __osx >=10.13
  - ca-certificates
  license: Apache-2.0
  license_family: Apache
  size: 2739181
  timestamp: 1746224401118
- conda: https://conda.anaconda.org/conda-forge/noarch/packaging-25.0-pyh29332c3_1.conda
  sha256: 289861ed0c13a15d7bbb408796af4de72c2fe67e2bcb0de98f4c3fce259d7991
  md5: 58335b26c38bf4a20f399384c33cbcf9
  depends:
  - python >=3.8
  - python
  license: Apache-2.0
  license_family: APACHE
  size: 62477
  timestamp: 1745345660407
- conda: https://conda.anaconda.org/conda-forge/osx-64/pcre2-10.44-hf733adb_2.conda
  sha256: 93c625933bb47149e250b3c530c7305e7c1dd6c39d8358da8e3e04806545a26b
  md5: c6873588a8175130eb931e91e80416c2
  depends:
  - __osx >=10.13
  - bzip2 >=1.0.8,<2.0a0
  - libzlib >=1.3.1,<2.0a0
  license: BSD-3-Clause
  license_family: BSD
  size: 858688
  timestamp: 1745931314635
- conda: https://conda.anaconda.org/conda-forge/osx-64/pillow-11.2.1-py310hbf7783a_0.conda
  sha256: 6d966ac52f20d0d6104c44283cf4452f59555e2cc68d4714325d93f0b847a7c5
  md5: 240555a16386b0d1c4bec696f3b39deb
  depends:
  - __osx >=10.13
  - lcms2 >=2.17,<3.0a0
  - libfreetype >=2.13.3
  - libfreetype6 >=2.13.3
  - libjpeg-turbo >=3.1.0,<4.0a0
  - libtiff >=4.7.0,<4.8.0a0
  - libwebp-base >=1.5.0,<2.0a0
  - libxcb >=1.17.0,<2.0a0
  - libzlib >=1.3.1,<2.0a0
  - openjpeg >=2.5.3,<3.0a0
  - python >=3.10,<3.11.0a0
  - python_abi 3.10.* *_cp310
  - tk >=8.6.13,<8.7.0a0
  license: HPND
  size: 41959596
  timestamp: 1746646672993
- conda: https://conda.anaconda.org/conda-forge/osx-64/pixman-0.46.0-h1fd1274_0.conda
  sha256: 4d8184a8d453e8218017ed2fe024496b6ccf5ba05b994d3a60a8871022ec7a76
  md5: 808d70603573b87f3427b61501fa376d
  depends:
  - __osx >=10.13
  - libcxx >=18
  license: MIT
  license_family: MIT
  size: 341650
  timestamp: 1746011664546
- conda: https://conda.anaconda.org/conda-forge/osx-64/pthread-stubs-0.4-h00291cd_1002.conda
  sha256: 05944ca3445f31614f8c674c560bca02ff05cb51637a96f665cb2bbe496099e5
  md5: 8bcf980d2c6b17094961198284b8e862
  depends:
  - __osx >=10.13
  license: MIT
  license_family: MIT
  size: 8364
  timestamp: 1726802331537
- conda: https://conda.anaconda.org/conda-forge/noarch/pyparsing-3.2.3-pyhd8ed1ab_1.conda
  sha256: b92afb79b52fcf395fd220b29e0dd3297610f2059afac45298d44e00fcbf23b6
  md5: 513d3c262ee49b54a8fec85c5bc99764
  depends:
  - python >=3.9
  license: MIT
  license_family: MIT
  size: 95988
  timestamp: 1743089832359
- conda: https://conda.anaconda.org/conda-forge/osx-64/pyside6-6.9.0-py310he5cdcd6_0.conda
  sha256: 3bba901fd900504822c477a21dc698376f00506e97b7d02d958e1dbd7c9a6b16
  md5: f3817a4445acc8897e25fc07cd5350c5
  depends:
  - __osx >=11.0
  - libclang13 >=18.1.8
  - libcxx >=18
  - libxml2 >=2.13.7,<2.14.0a0
  - libxslt >=1.1.39,<2.0a0
  - python >=3.10,<3.11.0a0
  - python_abi 3.10.* *_cp310
  - qt6-main 6.9.0.*
  - qt6-main >=6.9.0,<6.10.0a0
  license: LGPL-3.0-only
  license_family: LGPL
  size: 11790271
  timestamp: 1743761006615
- conda: https://conda.anaconda.org/conda-forge/osx-64/python-3.10.17-h93e8a92_0_cpython.conda
  sha256: de7b0090aba3e2336bdceb8cbec2de799de6e0e309439f9ecf44196bd16406e3
  md5: 94c16bc611cce843a2b25df2ca08a532
  depends:
  - __osx >=10.13
  - bzip2 >=1.0.8,<2.0a0
  - libexpat >=2.7.0,<3.0a0
  - libffi >=3.4,<4.0a0
  - liblzma >=5.8.1,<6.0a0
  - libsqlite >=3.49.1,<4.0a0
  - libzlib >=1.3.1,<2.0a0
  - ncurses >=6.5,<7.0a0
  - openssl >=3.5.0,<4.0a0
  - readline >=8.2,<9.0a0
  - tk >=8.6.13,<8.7.0a0
  - tzdata
  constrains:
  - python_abi 3.10.* *_cp310
  license: Python-2.0
  size: 12898620
  timestamp: 1744323796398
- conda: https://conda.anaconda.org/conda-forge/noarch/python-dateutil-2.9.0.post0-pyhff2d567_1.conda
  sha256: a50052536f1ef8516ed11a844f9413661829aa083304dc624c5925298d078d79
  md5: 5ba79d7c71f03c678c8ead841f347d6e
  depends:
  - python >=3.9
  - six >=1.5
  license: Apache-2.0
  license_family: APACHE
  size: 222505
  timestamp: 1733215763718
- conda: https://conda.anaconda.org/conda-forge/noarch/python_abi-3.10-7_cp310.conda
  build_number: 7
  sha256: 1316c66889313d9caebcfa5d5e9e6af25f8ba09396fc1bc196a08a3febbbabb8
  md5: 44e871cba2b162368476a84b8d040b6c
  constrains:
  - python 3.10.* *_cpython
  license: BSD-3-Clause
  license_family: BSD
  size: 6974
  timestamp: 1745258864549
- conda: https://conda.anaconda.org/conda-forge/osx-64/qhull-2020.2-h3c5361c_5.conda
  sha256: 79d804fa6af9c750e8b09482559814ae18cd8df549ecb80a4873537a5a31e06e
  md5: dd1ea9ff27c93db7c01a7b7656bd4ad4
  depends:
  - __osx >=10.13
  - libcxx >=16
  license: LicenseRef-Qhull
  size: 528122
  timestamp: 1720814002588
- conda: https://conda.anaconda.org/conda-forge/osx-64/qt6-main-6.9.0-hd95bd1a_2.conda
  sha256: b278b45e4c8370a9d94f1fcb16536bda446df0c40813f56e6e43b9e6ffdcac80
  md5: 9e4b600db628cbfc30c52a42dc382b4c
  depends:
  - __osx >=11.0
  - double-conversion >=3.3.1,<3.4.0a0
  - harfbuzz >=11.0.1
  - icu >=75.1,<76.0a0
  - krb5 >=1.21.3,<1.22.0a0
  - libclang-cpp18.1 >=18.1.8,<18.2.0a0
  - libclang13 >=18.1.8
  - libcxx >=18
  - libglib >=2.84.0,<3.0a0
  - libjpeg-turbo >=3.1.0,<4.0a0
  - libllvm18 >=18.1.8,<18.2.0a0
  - libpng >=1.6.47,<1.7.0a0
  - libpq >=17.4,<18.0a0
  - libsqlite >=3.49.1,<4.0a0
  - libtiff >=4.7.0,<4.8.0a0
  - libwebp-base >=1.5.0,<2.0a0
  - libzlib >=1.3.1,<2.0a0
  - openssl >=3.5.0,<4.0a0
  - pcre2 >=10.44,<10.45.0a0
  - zstd >=1.5.7,<1.6.0a0
  constrains:
  - qt 6.9.0
  license: LGPL-3.0-only
  size: 47016407
  timestamp: 1746637610212
- conda: https://conda.anaconda.org/conda-forge/osx-64/readline-8.2-h7cca4af_2.conda
  sha256: 53017e80453c4c1d97aaf78369040418dea14cf8f46a2fa999f31bd70b36c877
  md5: 342570f8e02f2f022147a7f841475784
  depends:
  - ncurses >=6.5,<7.0a0
  license: GPL-3.0-only
  license_family: GPL
  size: 256712
  timestamp: 1740379577668
- conda: https://conda.anaconda.org/conda-forge/noarch/six-1.17.0-pyhd8ed1ab_0.conda
  sha256: 41db0180680cc67c3fa76544ffd48d6a5679d96f4b71d7498a759e94edc9a2db
  md5: a451d576819089b0d672f18768be0f65
  depends:
  - python >=3.9
  license: MIT
  license_family: MIT
  size: 16385
  timestamp: 1733381032766
- conda: https://conda.anaconda.org/conda-forge/osx-64/tk-8.6.13-h1abcd95_1.conda
  sha256: 30412b2e9de4ff82d8c2a7e5d06a15f4f4fef1809a72138b6ccb53a33b26faf5
  md5: bf830ba5afc507c6232d4ef0fb1a882d
  depends:
  - libzlib >=1.2.13,<2.0.0a0
  license: TCL
  license_family: BSD
  size: 3270220
  timestamp: 1699202389792
- conda: https://conda.anaconda.org/conda-forge/osx-64/tornado-6.4.2-py310hbb8c376_0.conda
  sha256: 608a947fa9aad774d6dfdcc96c1af4e9522c52554e51a03992331a19b5abf27e
  md5: 1988c632b07b884ee3e38ebac2dd1f35
  depends:
  - __osx >=10.13
  - python >=3.10,<3.11.0a0
  - python_abi 3.10.* *_cp310
  license: Apache-2.0
  license_family: Apache
  size: 651323
  timestamp: 1732616042024
- conda: https://conda.anaconda.org/conda-forge/noarch/tzdata-2025b-h78e105d_0.conda
  sha256: 5aaa366385d716557e365f0a4e9c3fca43ba196872abbbe3d56bb610d131e192
  md5: 4222072737ccff51314b5ece9c7d6f5a
  license: LicenseRef-Public-Domain
  size: 122968
  timestamp: 1742727099393
- conda: https://conda.anaconda.org/conda-forge/osx-64/unicodedata2-16.0.0-py310hbb8c376_0.conda
  sha256: ef81987e99f6267c94be645e6abb631105f94ae88788aa07c8a28d437d752d32
  md5: d5a41e93c335df1da1da840a86768875
  depends:
  - __osx >=10.13
  - python >=3.10,<3.11.0a0
  - python_abi 3.10.* *_cp310
  license: Apache-2.0
  license_family: Apache
  size: 399223
  timestamp: 1736692678584
- conda: https://conda.anaconda.org/conda-forge/osx-64/xorg-libxau-1.0.12-h6e16a3a_0.conda
  sha256: b4d2225135aa44e551576c4f3cf999b3252da6ffe7b92f0ad45bb44b887976fc
  md5: 4cf40e60b444d56512a64f39d12c20bd
  depends:
  - __osx >=10.13
  license: MIT
  license_family: MIT
  size: 13290
  timestamp: 1734229077182
- conda: https://conda.anaconda.org/conda-forge/osx-64/xorg-libxdmcp-1.1.5-h00291cd_0.conda
  sha256: bb4d1ef9cafef535494adf9296130b6193b3a44375883185b5167de03eb1ac7f
  md5: 9f438e1b6f4e73fd9e6d78bfe7c36743
  depends:
  - __osx >=10.13
  license: MIT
  license_family: MIT
  size: 18465
  timestamp: 1727794980957
- conda: https://conda.anaconda.org/conda-forge/osx-64/zstd-1.5.7-h8210216_2.conda
  sha256: c171c43d0c47eed45085112cb00c8c7d4f0caa5a32d47f2daca727e45fb98dca
  md5: cd60a4a5a8d6a476b30d8aa4bb49251a
  depends:
  - __osx >=10.13
  - libzlib >=1.3.1,<2.0a0
  license: BSD-3-Clause
  license_family: BSD
  size: 485754
  timestamp: 1742433356230
